<Solution>
  <Folder Name="/Core/">
    <Project Path="CarBook.Domain/CarBook.Domain.csproj" />
    <Project Path="CarBook.Interfaces/CarBook.Application.csproj" Id="f1090812-6d07-4cd1-9e91-171942f94c17" />
  </Folder>
  <Folder Name="/Frontends/">
    <Project Path="CarBook.WebUI/CarBook.WebUI.csproj" Id="ea51992a-cb62-487c-88b6-341f47290234" />
  </Folder>
  <Folder Name="/Infrastructure/">
    <Project Path="CarBook.Persistence/CarBook.Persistence.csproj" />
  </Folder>
  <Folder Name="/Presentation/">
    <Project Path="CarBook.WebApi/CarBook.WebApi.csproj" />
  </Folder>
</Solution>
